
Microsoft Visual Studio Solution File, Format Version 12.00
# Visual Studio Version 17
VisualStudioVersion = 17.6.33723.286
MinimumVisualStudioVersion = 10.0.40219.1
Project("{FAE04EC0-301F-11D3-BF4B-00C04F79EFBC}") = "App1", "App1.csproj", "{56EC701B-016D-492F-A273-2F7A2730BDAD}"
EndProject
Global
	GlobalSection(SolutionConfigurationPlatforms) = preSolution
		Debug|Any CPU = Debug|Any CPU
		Release|Any CPU = Release|Any CPU
	EndGlobalSection
	GlobalSection(ProjectConfigurationPlatforms) = postSolution
		{56EC701B-016D-492F-A273-2F7A2730BDAD}.Debug|Any CPU.ActiveCfg = Debug|Any CPU
		{56EC701B-016D-492F-A273-2F7A2730BDAD}.Debug|Any CPU.Build.0 = Debug|Any CPU
		{56EC701B-016D-492F-A273-2F7A2730BDAD}.Release|Any CPU.ActiveCfg = Release|Any CPU
		{56EC701B-016D-492F-A273-2F7A2730BDAD}.Release|Any CPU.Build.0 = Release|Any CPU
	EndGlobalSection
	GlobalSection(SolutionProperties) = preSolution
		HideSolutionNode = FALSE
	EndGlobalSection
	GlobalSection(ExtensibilityGlobals) = postSolution
		SolutionGuid = {4BB16521-ABDC-40B2-B89A-0B763EA3E952}
	EndGlobalSection
EndGlobal
