
Microsoft Visual Studio Solution File, Format Version 12.00
# Visual Studio Version 17
VisualStudioVersion = 17.6.33723.286
MinimumVisualStudioVersion = 10.0.40219.1
Project("{FAE04EC0-301F-11D3-BF4B-00C04F79EFBC}") = "AssignmentProject1", "AssignmentProject1.csproj", "{015AB4BC-464A-49A7-95D2-3783E495198B}"
EndProject
Global
	GlobalSection(SolutionConfigurationPlatforms) = preSolution
		Debug|Any CPU = Debug|Any CPU
		Release|Any CPU = Release|Any CPU
	EndGlobalSection
	GlobalSection(ProjectConfigurationPlatforms) = postSolution
		{015AB4BC-464A-49A7-95D2-3783E495198B}.Debug|Any CPU.ActiveCfg = Debug|Any CPU
		{015AB4BC-464A-49A7-95D2-3783E495198B}.Debug|Any CPU.Build.0 = Debug|Any CPU
		{015AB4BC-464A-49A7-95D2-3783E495198B}.Release|Any CPU.ActiveCfg = Release|Any CPU
		{015AB4BC-464A-49A7-95D2-3783E495198B}.Release|Any CPU.Build.0 = Release|Any CPU
	EndGlobalSection
	GlobalSection(SolutionProperties) = preSolution
		HideSolutionNode = FALSE
	EndGlobalSection
	GlobalSection(ExtensibilityGlobals) = postSolution
		SolutionGuid = {2D0DF8E6-3028-4222-9F75-8569E0358CEC}
	EndGlobalSection
EndGlobal
